
Microsoft Visual Studio Solution File, Format Version 12.00
Project("{FAE04EC0-301F-11D3-BF4B-00C04F79EFBC}") = "FakeXiecheng.API", "FakeXiecheng.API\FakeXiecheng.API.csproj", "{108274B5-9613-4B64-828E-A3C553BC28A7}"
EndProject
Global
	GlobalSection(SolutionConfigurationPlatforms) = preSolution
		Debug|Any CPU = Debug|Any CPU
		Release|Any CPU = Release|Any CPU
	EndGlobalSection
	GlobalSection(ProjectConfigurationPlatforms) = postSolution
		{108274B5-9613-4B64-828E-A3C553BC28A7}.Debug|Any CPU.ActiveCfg = Debug|Any CPU
		{108274B5-9613-4B64-828E-A3C553BC28A7}.Debug|Any CPU.Build.0 = Debug|Any CPU
		{108274B5-9613-4B64-828E-A3C553BC28A7}.Release|Any CPU.ActiveCfg = Release|Any CPU
		{108274B5-9613-4B64-828E-A3C553BC28A7}.Release|Any CPU.Build.0 = Release|Any CPU
	EndGlobalSection
EndGlobal
